
Microsoft Visual Studio Solution File, Format Version 12.00
# Visual Studio 2017
Project("{FAE04EC0-301F-11D3-BF4B-00C04F79EFBC}") = "Argon_Assult.Plugins", "Argon_Assult.Plugins.csproj", "{C5D992EC-77A8-612D-B824-7D56FDAD9C9C}"
EndProject
Project("{FAE04EC0-301F-11D3-BF4B-00C04F79EFBC}") = "Argon_Assult", "Argon_Assult.csproj", "{6779E628-88AE-8297-F11E-27B60590C062}"
EndProject
Project("{FAE04EC0-301F-11D3-BF4B-00C04F79EFBC}") = "Argon_Assult.Editor.Plugins", "Argon_Assult.Editor.Plugins.csproj", "{A723B3F2-DA92-4D03-68B6-61D3D8B661DF}"
EndProject
Global
	GlobalSection(SolutionConfigurationPlatforms) = preSolution
		Debug|Any CPU = Debug|Any CPU
		Release|Any CPU = Release|Any CPU
	EndGlobalSection
	GlobalSection(ProjectConfigurationPlatforms) = postSolution
		{C5D992EC-77A8-612D-B824-7D56FDAD9C9C}.Debug|Any CPU.ActiveCfg = Debug|Any CPU
		{C5D992EC-77A8-612D-B824-7D56FDAD9C9C}.Debug|Any CPU.Build.0 = Debug|Any CPU
		{C5D992EC-77A8-612D-B824-7D56FDAD9C9C}.Release|Any CPU.ActiveCfg = Release|Any CPU
		{C5D992EC-77A8-612D-B824-7D56FDAD9C9C}.Release|Any CPU.Build.0 = Release|Any CPU
		{6779E628-88AE-8297-F11E-27B60590C062}.Debug|Any CPU.ActiveCfg = Debug|Any CPU
		{6779E628-88AE-8297-F11E-27B60590C062}.Debug|Any CPU.Build.0 = Debug|Any CPU
		{6779E628-88AE-8297-F11E-27B60590C062}.Release|Any CPU.ActiveCfg = Release|Any CPU
		{6779E628-88AE-8297-F11E-27B60590C062}.Release|Any CPU.Build.0 = Release|Any CPU
		{A723B3F2-DA92-4D03-68B6-61D3D8B661DF}.Debug|Any CPU.ActiveCfg = Debug|Any CPU
		{A723B3F2-DA92-4D03-68B6-61D3D8B661DF}.Debug|Any CPU.Build.0 = Debug|Any CPU
		{A723B3F2-DA92-4D03-68B6-61D3D8B661DF}.Release|Any CPU.ActiveCfg = Release|Any CPU
		{A723B3F2-DA92-4D03-68B6-61D3D8B661DF}.Release|Any CPU.Build.0 = Release|Any CPU
	EndGlobalSection
	GlobalSection(SolutionProperties) = preSolution
		HideSolutionNode = FALSE
	EndGlobalSection
EndGlobal
